{
  "version": 4,
  "terraform_version": "1.5.5",
  "serial": 316,
  "lineage": "a8e52de5-4997-c734-6099-f3c483e27995",
  "outputs": {},
  "resources": [
    {
      "module": "module.database",
      "mode": "managed",
      "type": "docker_container",
      "name": "temporal_postgres",
      "provider": "provider[\"registry.terraform.io/kreuzwerker/docker\"]",
      "instances": [
        {
          "schema_version": 2,
          "attributes": {
            "attach": false,
            "bridge": "",
            "capabilities": [],
            "cgroupns_mode": null,
            "command": [
              "postgres"
            ],
            "container_logs": null,
            "container_read_refresh_timeout_milliseconds": 15000,
            "cpu_set": "",
            "cpu_shares": 0,
            "destroy_grace_seconds": null,
            "devices": [],
            "dns": [],
            "dns_opts": [],
            "dns_search": [],
            "domainname": "",
            "entrypoint": [
              "docker-entrypoint.sh"
            ],
            "env": [
              "POSTGRES_DB=temporal",
              "POSTGRES_PASSWORD=temporal",
              "POSTGRES_USER=temporal"
            ],
            "exit_code": null,
            "gpus": null,
            "group_add": [],
            "healthcheck": [
              {
                "interval": "10s",
                "retries": 5,
                "start_period": "0s",
                "test": [
                  "CMD-SHELL",
                  "pg_isready -U temporal -d temporal -p 5433 || exit 1"
                ],
                "timeout": "5s"
              }
            ],
            "host": [],
            "hostname": "7002ee01c746",
            "id": "7002ee01c746f5603d1c8b62c86b960fc92008748bb7ef5b6231f826359cdc59",
            "image": "sha256:163763c8afd28cae69035ce84b12d8180179559c747c0701b3cad17818a0dbc5",
            "init": false,
            "ipc_mode": "private",
            "labels": [
              {
                "label": "com.docker.compose.project",
                "value": "portfolio"
              },
              {
                "label": "com.docker.compose.service",
                "value": "temporal_postgres"
              }
            ],
            "log_driver": "json-file",
            "log_opts": {},
            "logs": false,
            "max_retry_count": 0,
            "memory": 0,
            "memory_swap": 0,
            "mounts": [],
            "must_run": true,
            "name": "temporal_postgres",
            "network_data": [
              {
                "gateway": "172.23.0.1",
                "global_ipv6_address": "",
                "global_ipv6_prefix_length": 0,
                "ip_address": "172.23.0.8",
                "ip_prefix_length": 16,
                "ipv6_gateway": "",
                "mac_address": "4e:a6:92:b4:10:53",
                "network_name": "portfolio_network"
              }
            ],
            "network_mode": "bridge",
            "networks_advanced": [
              {
                "aliases": [],
                "ipv4_address": "",
                "ipv6_address": "",
                "name": "portfolio_network"
              }
            ],
            "pid_mode": "",
            "ports": [
              {
                "external": 5433,
                "internal": 5432,
                "ip": "0.0.0.0",
                "protocol": "tcp"
              }
            ],
            "privileged": false,
            "publish_all_ports": false,
            "read_only": false,
            "remove_volumes": true,
            "restart": "unless-stopped",
            "rm": false,
            "runtime": "runc",
            "security_opts": [],
            "shm_size": 64,
            "start": true,
            "stdin_open": false,
            "stop_signal": "SIGINT",
            "stop_timeout": 1,
            "storage_opts": {},
            "sysctls": {},
            "tmpfs": {},
            "tty": false,
            "ulimit": [],
            "upload": [],
            "user": "",
            "userns_mode": "",
            "volumes": [
              {
                "container_path": "/var/lib/postgresql/",
                "from_container": "",
                "host_path": "",
                "read_only": false,
                "volume_name": "temporal_postgres_volume"
              }
            ],
            "wait": false,
            "wait_timeout": 60,
            "working_dir": "/"
          },
          "sensitive_attributes": [
            [
              {
                "type": "get_attr",
                "value": "env"
              }
            ]
          ],
          "private": "eyJzY2hlbWFfdmVyc2lvbiI6IjIifQ==",
          "dependencies": [
            "module.database.docker_image.postgres",
            "module.network.docker_network.platform_network",
            "module.volume.docker_volume.temporal_postgres_volume"
          ]
        }
      ]
    },
    {
      "module": "module.database",
      "mode": "managed",
      "type": "docker_image",
      "name": "postgres",
      "provider": "provider[\"registry.terraform.io/kreuzwerker/docker\"]",
      "instances": [
        {
          "schema_version": 0,
          "attributes": {
            "build": [],
            "force_remove": null,
            "id": "sha256:163763c8afd28cae69035ce84b12d8180179559c747c0701b3cad17818a0dbc5postgres:latest",
            "image_id": "sha256:163763c8afd28cae69035ce84b12d8180179559c747c0701b3cad17818a0dbc5",
            "keep_locally": true,
            "name": "postgres:latest",
            "platform": null,
            "pull_triggers": null,
            "repo_digest": "postgres@sha256:163763c8afd28cae69035ce84b12d8180179559c747c0701b3cad17818a0dbc5",
            "triggers": null
          },
          "sensitive_attributes": [],
          "private": "bnVsbA=="
        }
      ]
    },
    {
      "module": "module.localstack",
      "mode": "managed",
      "type": "docker_image",
      "name": "localstack_azure_image",
      "provider": "provider[\"registry.terraform.io/kreuzwerker/docker\"]",
      "instances": [
        {
          "schema_version": 0,
          "attributes": {
            "build": [],
            "force_remove": null,
            "id": "sha256:ad0ebeaf4aac08024b229791b762ca735128456583cbc642733dd9225a2d4512localstack/localstack-azure-alpha",
            "image_id": "sha256:ad0ebeaf4aac08024b229791b762ca735128456583cbc642733dd9225a2d4512",
            "keep_locally": null,
            "name": "localstack/localstack-azure-alpha",
            "platform": null,
            "pull_triggers": null,
            "repo_digest": "localstack/localstack-azure-alpha@sha256:ad0ebeaf4aac08024b229791b762ca735128456583cbc642733dd9225a2d4512",
            "triggers": null
          },
          "sensitive_attributes": [],
          "private": "bnVsbA=="
        }
      ]
    },
    {
      "module": "module.network",
      "mode": "managed",
      "type": "docker_network",
      "name": "platform_network",
      "provider": "provider[\"registry.terraform.io/kreuzwerker/docker\"]",
      "instances": [
        {
          "schema_version": 1,
          "attributes": {
            "attachable": false,
            "check_duplicate": null,
            "driver": "bridge",
            "id": "1182abf6430e8da78538fa07b4fcba30091e73593b87d04310d8e25687e9b7bb",
            "ingress": false,
            "internal": false,
            "ipam_config": [
              {
                "aux_address": {},
                "gateway": "172.23.0.1",
                "ip_range": "",
                "subnet": "172.23.0.0/16"
              }
            ],
            "ipam_driver": "default",
            "ipam_options": {},
            "ipv6": false,
            "labels": [],
            "name": "portfolio_network",
            "options": {
              "com.docker.network.enable_ipv4": "true"
            },
            "scope": "local"
          },
          "sensitive_attributes": [],
          "private": "eyJzY2hlbWFfdmVyc2lvbiI6IjEifQ=="
        }
      ]
    },
    {
      "module": "module.temporal",
      "mode": "managed",
      "type": "docker_image",
      "name": "temporal_image",
      "provider": "provider[\"registry.terraform.io/kreuzwerker/docker\"]",
      "instances": [
        {
          "schema_version": 0,
          "attributes": {
            "build": [],
            "force_remove": null,
            "id": "sha256:8940bfb5aed467458d50c365e420038bc334a44af77e8f4b5e2bfcd608ac7951temporalio/auto-setup:latest",
            "image_id": "sha256:8940bfb5aed467458d50c365e420038bc334a44af77e8f4b5e2bfcd608ac7951",
            "keep_locally": null,
            "name": "temporalio/auto-setup:latest",
            "platform": null,
            "pull_triggers": null,
            "repo_digest": "temporalio/auto-setup@sha256:8940bfb5aed467458d50c365e420038bc334a44af77e8f4b5e2bfcd608ac7951",
            "triggers": null
          },
          "sensitive_attributes": [],
          "private": "bnVsbA==",
          "dependencies": [
            "module.database.docker_container.temporal_postgres",
            "module.database.docker_image.postgres",
            "module.network.docker_network.platform_network",
            "module.volume.docker_volume.temporal_postgres_volume"
          ]
        }
      ]
    },
    {
      "module": "module.temporal",
      "mode": "managed",
      "type": "docker_image",
      "name": "temporal_ui_image",
      "provider": "provider[\"registry.terraform.io/kreuzwerker/docker\"]",
      "instances": [
        {
          "schema_version": 0,
          "attributes": {
            "build": [],
            "force_remove": null,
            "id": "sha256:87607eb9410318c812974dac55f274a506b47cde7542b08b000b5bcdeb35d640temporalio/ui:latest",
            "image_id": "sha256:87607eb9410318c812974dac55f274a506b47cde7542b08b000b5bcdeb35d640",
            "keep_locally": null,
            "name": "temporalio/ui:latest",
            "platform": null,
            "pull_triggers": null,
            "repo_digest": "temporalio/ui@sha256:87607eb9410318c812974dac55f274a506b47cde7542b08b000b5bcdeb35d640",
            "triggers": null
          },
          "sensitive_attributes": [],
          "private": "bnVsbA==",
          "dependencies": [
            "module.database.docker_container.temporal_postgres",
            "module.database.docker_image.postgres",
            "module.network.docker_network.platform_network",
            "module.volume.docker_volume.temporal_postgres_volume"
          ]
        }
      ]
    },
    {
      "module": "module.volume",
      "mode": "managed",
      "type": "docker_volume",
      "name": "temporal_postgres_volume",
      "provider": "provider[\"registry.terraform.io/kreuzwerker/docker\"]",
      "instances": [
        {
          "schema_version": 1,
          "attributes": {
            "driver": "local",
            "driver_opts": {},
            "id": "temporal_postgres_volume",
            "labels": [],
            "mountpoint": "/var/lib/docker/volumes/temporal_postgres_volume/_data",
            "name": "temporal_postgres_volume"
          },
          "sensitive_attributes": [],
          "private": "eyJzY2hlbWFfdmVyc2lvbiI6IjEifQ=="
        }
      ]
    }
  ],
  "check_results": null
}
