{
  "version": 4,
  "terraform_version": "1.5.5",
  "serial": 334,
  "lineage": "a8e52de5-4997-c734-6099-f3c483e27995",
  "outputs": {},
  "resources": [
    {
      "module": "module.app",
      "mode": "managed",
      "type": "docker_container",
      "name": "api_gateway",
      "provider": "provider[\"registry.terraform.io/kreuzwerker/docker\"]",
      "instances": [
        {
          "schema_version": 2,
          "attributes": {
            "attach": false,
            "bridge": "",
            "capabilities": [],
            "cgroupns_mode": null,
            "command": [
              "./app"
            ],
            "container_logs": null,
            "container_read_refresh_timeout_milliseconds": 15000,
            "cpu_set": "",
            "cpu_shares": 0,
            "destroy_grace_seconds": null,
            "devices": [],
            "dns": null,
            "dns_opts": null,
            "dns_search": null,
            "domainname": "",
            "entrypoint": [],
            "env": [],
            "exit_code": null,
            "gpus": null,
            "group_add": null,
            "healthcheck": null,
            "host": [],
            "hostname": "1bad9a5e3c6c",
            "id": "1bad9a5e3c6c419ddced18e8d8815d91d2644d35126d723616ccccba96892d8d",
            "image": "sha256:4012d48ff9a5fd5d8ff16bdb8c2ee3cfb0fc4d67238c281b566468bf4fefd262",
            "init": false,
            "ipc_mode": "private",
            "labels": [
              {
                "label": "com.docker.compose.project",
                "value": "portfolio"
              },
              {
                "label": "com.docker.compose.service",
                "value": "local_api"
              }
            ],
            "log_driver": "json-file",
            "log_opts": null,
            "logs": false,
            "max_retry_count": 0,
            "memory": 0,
            "memory_swap": 0,
            "mounts": [],
            "must_run": true,
            "name": "local_api",
            "network_data": [
              {
                "gateway": "172.23.0.1",
                "global_ipv6_address": "",
                "global_ipv6_prefix_length": 0,
                "ip_address": "172.23.0.5",
                "ip_prefix_length": 16,
                "ipv6_gateway": "",
                "mac_address": "26:e1:dc:f3:e2:82",
                "network_name": "portfolio_network"
              }
            ],
            "network_mode": "bridge",
            "networks_advanced": [
              {
                "aliases": [],
                "ipv4_address": "",
                "ipv6_address": "",
                "name": "portfolio_network"
              }
            ],
            "pid_mode": "",
            "ports": [
              {
                "external": 1233,
                "internal": 1233,
                "ip": "0.0.0.0",
                "protocol": "tcp"
              }
            ],
            "privileged": false,
            "publish_all_ports": false,
            "read_only": false,
            "remove_volumes": true,
            "restart": "no",
            "rm": false,
            "runtime": "runc",
            "security_opts": [],
            "shm_size": 64,
            "start": true,
            "stdin_open": false,
            "stop_signal": "",
            "stop_timeout": 1,
            "storage_opts": null,
            "sysctls": null,
            "tmpfs": null,
            "tty": false,
            "ulimit": [],
            "upload": [],
            "user": "appuser",
            "userns_mode": "",
            "volumes": [],
            "wait": false,
            "wait_timeout": 60,
            "working_dir": "/app"
          },
          "sensitive_attributes": [],
          "private": "eyJzY2hlbWFfdmVyc2lvbiI6IjIifQ==",
          "dependencies": [
            "module.app.docker_image.api_gateway_image",
            "module.network.docker_network.platform_network"
          ]
        }
      ]
    },
    {
      "module": "module.app",
      "mode": "managed",
      "type": "docker_image",
      "name": "api_gateway_image",
      "provider": "provider[\"registry.terraform.io/kreuzwerker/docker\"]",
      "instances": [
        {
          "schema_version": 0,
          "attributes": {
            "build": [],
            "force_remove": null,
            "id": "sha256:4012d48ff9a5fd5d8ff16bdb8c2ee3cfb0fc4d67238c281b566468bf4fefd262local_api:latest",
            "image_id": "sha256:4012d48ff9a5fd5d8ff16bdb8c2ee3cfb0fc4d67238c281b566468bf4fefd262",
            "keep_locally": null,
            "name": "local_api:latest",
            "platform": null,
            "pull_triggers": null,
            "repo_digest": "local_api@sha256:4012d48ff9a5fd5d8ff16bdb8c2ee3cfb0fc4d67238c281b566468bf4fefd262",
            "triggers": null
          },
          "sensitive_attributes": [],
          "private": "bnVsbA=="
        }
      ]
    },
    {
      "module": "module.database",
      "mode": "managed",
      "type": "docker_container",
      "name": "platform_postgres",
      "provider": "provider[\"registry.terraform.io/kreuzwerker/docker\"]",
      "instances": [
        {
          "schema_version": 2,
          "attributes": {
            "attach": false,
            "bridge": "",
            "capabilities": [],
            "cgroupns_mode": null,
            "command": [
              "postgres"
            ],
            "container_logs": null,
            "container_read_refresh_timeout_milliseconds": 15000,
            "cpu_set": "",
            "cpu_shares": 0,
            "destroy_grace_seconds": null,
            "devices": [],
            "dns": null,
            "dns_opts": null,
            "dns_search": null,
            "domainname": "",
            "entrypoint": [
              "docker-entrypoint.sh"
            ],
            "env": [
              "POSTGRES_DB=platform",
              "POSTGRES_PASSWORD=admin12@",
              "POSTGRES_USER=admin"
            ],
            "exit_code": null,
            "gpus": null,
            "group_add": null,
            "healthcheck": [
              {
                "interval": "10s",
                "retries": 5,
                "start_period": "0s",
                "test": [
                  "CMD-SHELL",
                  "pg_isready -U admin -d platform -p 5432 || exit 1"
                ],
                "timeout": "5s"
              }
            ],
            "host": [],
            "hostname": "4d62869a6bbb",
            "id": "4d62869a6bbbb830fb80c7c3af2c7f557b2aa799cbb8ebd89d9446190c1d0e15",
            "image": "sha256:163763c8afd28cae69035ce84b12d8180179559c747c0701b3cad17818a0dbc5",
            "init": false,
            "ipc_mode": "private",
            "labels": [
              {
                "label": "com.docker.compose.project",
                "value": "portfolio"
              },
              {
                "label": "com.docker.compose.service",
                "value": "platform_postgres"
              }
            ],
            "log_driver": "json-file",
            "log_opts": null,
            "logs": false,
            "max_retry_count": 0,
            "memory": 0,
            "memory_swap": 0,
            "mounts": [],
            "must_run": true,
            "name": "platform_postgres",
            "network_data": [
              {
                "gateway": "172.23.0.1",
                "global_ipv6_address": "",
                "global_ipv6_prefix_length": 0,
                "ip_address": "172.23.0.3",
                "ip_prefix_length": 16,
                "ipv6_gateway": "",
                "mac_address": "66:d8:93:76:aa:d8",
                "network_name": "portfolio_network"
              }
            ],
            "network_mode": "bridge",
            "networks_advanced": [
              {
                "aliases": [],
                "ipv4_address": "",
                "ipv6_address": "",
                "name": "portfolio_network"
              }
            ],
            "pid_mode": "",
            "ports": [
              {
                "external": 5432,
                "internal": 5432,
                "ip": "0.0.0.0",
                "protocol": "tcp"
              }
            ],
            "privileged": false,
            "publish_all_ports": false,
            "read_only": false,
            "remove_volumes": true,
            "restart": "unless-stopped",
            "rm": false,
            "runtime": "runc",
            "security_opts": [],
            "shm_size": 64,
            "start": true,
            "stdin_open": false,
            "stop_signal": "SIGINT",
            "stop_timeout": 1,
            "storage_opts": null,
            "sysctls": null,
            "tmpfs": null,
            "tty": false,
            "ulimit": [],
            "upload": [],
            "user": "",
            "userns_mode": "",
            "volumes": [
              {
                "container_path": "/var/lib/postgresql/",
                "from_container": "",
                "host_path": "",
                "read_only": null,
                "volume_name": "platform_postgres_volume"
              }
            ],
            "wait": false,
            "wait_timeout": 60,
            "working_dir": "/"
          },
          "sensitive_attributes": [
            [
              {
                "type": "get_attr",
                "value": "env"
              }
            ]
          ],
          "private": "eyJzY2hlbWFfdmVyc2lvbiI6IjIifQ==",
          "dependencies": [
            "module.database.docker_image.postgres",
            "module.network.docker_network.platform_network",
            "module.volume.docker_volume.platform_postgres_volume"
          ]
        }
      ]
    },
    {
      "module": "module.database",
      "mode": "managed",
      "type": "docker_container",
      "name": "temporal_postgres",
      "provider": "provider[\"registry.terraform.io/kreuzwerker/docker\"]",
      "instances": [
        {
          "schema_version": 2,
          "attributes": {
            "attach": false,
            "bridge": "",
            "capabilities": [],
            "cgroupns_mode": null,
            "command": [
              "postgres"
            ],
            "container_logs": null,
            "container_read_refresh_timeout_milliseconds": 15000,
            "cpu_set": "",
            "cpu_shares": 0,
            "destroy_grace_seconds": null,
            "devices": [],
            "dns": null,
            "dns_opts": null,
            "dns_search": null,
            "domainname": "",
            "entrypoint": [
              "docker-entrypoint.sh"
            ],
            "env": [
              "POSTGRES_DB=temporal",
              "POSTGRES_PASSWORD=temporal",
              "POSTGRES_USER=temporal"
            ],
            "exit_code": null,
            "gpus": null,
            "group_add": null,
            "healthcheck": [
              {
                "interval": "10s",
                "retries": 5,
                "start_period": "0s",
                "test": [
                  "CMD-SHELL",
                  "pg_isready -U temporal -d temporal -p 5433 || exit 1"
                ],
                "timeout": "5s"
              }
            ],
            "host": [],
            "hostname": "2aee93349735",
            "id": "2aee9334973590ffae78620fb82be35ebb23e8343aaecfccb475034b09539740",
            "image": "sha256:163763c8afd28cae69035ce84b12d8180179559c747c0701b3cad17818a0dbc5",
            "init": false,
            "ipc_mode": "private",
            "labels": [
              {
                "label": "com.docker.compose.project",
                "value": "portfolio"
              },
              {
                "label": "com.docker.compose.service",
                "value": "temporal_postgres"
              }
            ],
            "log_driver": "json-file",
            "log_opts": null,
            "logs": false,
            "max_retry_count": 0,
            "memory": 0,
            "memory_swap": 0,
            "mounts": [],
            "must_run": true,
            "name": "temporal_postgres",
            "network_data": [
              {
                "gateway": "172.23.0.1",
                "global_ipv6_address": "",
                "global_ipv6_prefix_length": 0,
                "ip_address": "172.23.0.2",
                "ip_prefix_length": 16,
                "ipv6_gateway": "",
                "mac_address": "ba:69:60:6b:51:44",
                "network_name": "portfolio_network"
              }
            ],
            "network_mode": "bridge",
            "networks_advanced": [
              {
                "aliases": [],
                "ipv4_address": "",
                "ipv6_address": "",
                "name": "portfolio_network"
              }
            ],
            "pid_mode": "",
            "ports": [
              {
                "external": 5433,
                "internal": 5432,
                "ip": "0.0.0.0",
                "protocol": "tcp"
              }
            ],
            "privileged": false,
            "publish_all_ports": false,
            "read_only": false,
            "remove_volumes": true,
            "restart": "unless-stopped",
            "rm": false,
            "runtime": "runc",
            "security_opts": [],
            "shm_size": 64,
            "start": true,
            "stdin_open": false,
            "stop_signal": "SIGINT",
            "stop_timeout": 1,
            "storage_opts": null,
            "sysctls": null,
            "tmpfs": null,
            "tty": false,
            "ulimit": [],
            "upload": [],
            "user": "",
            "userns_mode": "",
            "volumes": [
              {
                "container_path": "/var/lib/postgresql/",
                "from_container": "",
                "host_path": "",
                "read_only": null,
                "volume_name": "temporal_postgres_volume"
              }
            ],
            "wait": false,
            "wait_timeout": 60,
            "working_dir": "/"
          },
          "sensitive_attributes": [
            [
              {
                "type": "get_attr",
                "value": "env"
              }
            ]
          ],
          "private": "eyJzY2hlbWFfdmVyc2lvbiI6IjIifQ==",
          "dependencies": [
            "module.database.docker_image.postgres",
            "module.network.docker_network.platform_network",
            "module.volume.docker_volume.temporal_postgres_volume"
          ]
        }
      ]
    },
    {
      "module": "module.database",
      "mode": "managed",
      "type": "docker_image",
      "name": "postgres",
      "provider": "provider[\"registry.terraform.io/kreuzwerker/docker\"]",
      "instances": [
        {
          "schema_version": 0,
          "attributes": {
            "build": [],
            "force_remove": null,
            "id": "sha256:163763c8afd28cae69035ce84b12d8180179559c747c0701b3cad17818a0dbc5postgres:latest",
            "image_id": "sha256:163763c8afd28cae69035ce84b12d8180179559c747c0701b3cad17818a0dbc5",
            "keep_locally": true,
            "name": "postgres:latest",
            "platform": null,
            "pull_triggers": null,
            "repo_digest": "postgres@sha256:163763c8afd28cae69035ce84b12d8180179559c747c0701b3cad17818a0dbc5",
            "triggers": null
          },
          "sensitive_attributes": [],
          "private": "bnVsbA=="
        }
      ]
    },
    {
      "module": "module.grafana",
      "mode": "managed",
      "type": "docker_container",
      "name": "platform_grafana",
      "provider": "provider[\"registry.terraform.io/kreuzwerker/docker\"]",
      "instances": [
        {
          "schema_version": 2,
          "attributes": {
            "attach": false,
            "bridge": "",
            "capabilities": [],
            "cgroupns_mode": null,
            "command": [],
            "container_logs": null,
            "container_read_refresh_timeout_milliseconds": 15000,
            "cpu_set": "",
            "cpu_shares": 0,
            "destroy_grace_seconds": null,
            "devices": [],
            "dns": null,
            "dns_opts": null,
            "dns_search": null,
            "domainname": "",
            "entrypoint": [
              "/run.sh"
            ],
            "env": [
              "GF_SECURITY_ADMIN_PASSWORD=admin",
              "GF_SECURITY_ADMIN_USER=admin"
            ],
            "exit_code": null,
            "gpus": null,
            "group_add": null,
            "healthcheck": null,
            "host": [],
            "hostname": "ea697b07db44",
            "id": "ea697b07db4470757dcc5a069e1b47e1afcfc948430a24398f7b9298be340e85",
            "image": "sha256:0f86bada30d65ef9d0183b90c1e2682ac92d53d95da8bed322b984ea78a4a73a",
            "init": false,
            "ipc_mode": "private",
            "labels": [
              {
                "label": "com.docker.compose.project",
                "value": "portfolio"
              },
              {
                "label": "com.docker.compose.service",
                "value": "platform_grafana"
              }
            ],
            "log_driver": "json-file",
            "log_opts": null,
            "logs": false,
            "max_retry_count": 0,
            "memory": 0,
            "memory_swap": 0,
            "mounts": [],
            "must_run": true,
            "name": "platform_grafana",
            "network_data": [
              {
                "gateway": "172.23.0.1",
                "global_ipv6_address": "",
                "global_ipv6_prefix_length": 0,
                "ip_address": "172.23.0.9",
                "ip_prefix_length": 16,
                "ipv6_gateway": "",
                "mac_address": "12:6a:a3:86:9a:0b",
                "network_name": "portfolio_network"
              }
            ],
            "network_mode": "bridge",
            "networks_advanced": [
              {
                "aliases": [],
                "ipv4_address": "",
                "ipv6_address": "",
                "name": "portfolio_network"
              }
            ],
            "pid_mode": "",
            "ports": [
              {
                "external": 3000,
                "internal": 3000,
                "ip": "0.0.0.0",
                "protocol": "tcp"
              }
            ],
            "privileged": false,
            "publish_all_ports": false,
            "read_only": false,
            "remove_volumes": true,
            "restart": "unless-stopped",
            "rm": false,
            "runtime": "runc",
            "security_opts": [],
            "shm_size": 64,
            "start": true,
            "stdin_open": false,
            "stop_signal": "",
            "stop_timeout": 1,
            "storage_opts": null,
            "sysctls": null,
            "tmpfs": null,
            "tty": false,
            "ulimit": [],
            "upload": [],
            "user": "472",
            "userns_mode": "",
            "volumes": [
              {
                "container_path": "/var/lib/grafana/",
                "from_container": "",
                "host_path": "",
                "read_only": null,
                "volume_name": "platform_grafana_data"
              }
            ],
            "wait": false,
            "wait_timeout": 60,
            "working_dir": "/usr/share/grafana"
          },
          "sensitive_attributes": [],
          "private": "eyJzY2hlbWFfdmVyc2lvbiI6IjIifQ==",
          "dependencies": [
            "module.grafana.docker_image.grafana_image",
            "module.network.docker_network.platform_network",
            "module.volume.docker_volume.grafana_volume"
          ]
        }
      ]
    },
    {
      "module": "module.grafana",
      "mode": "managed",
      "type": "docker_image",
      "name": "grafana_image",
      "provider": "provider[\"registry.terraform.io/kreuzwerker/docker\"]",
      "instances": [
        {
          "schema_version": 0,
          "attributes": {
            "build": [],
            "force_remove": null,
            "id": "sha256:0f86bada30d65ef9d0183b90c1e2682ac92d53d95da8bed322b984ea78a4a73agrafana/grafana:latest",
            "image_id": "sha256:0f86bada30d65ef9d0183b90c1e2682ac92d53d95da8bed322b984ea78a4a73a",
            "keep_locally": null,
            "name": "grafana/grafana:latest",
            "platform": null,
            "pull_triggers": null,
            "repo_digest": "grafana/grafana@sha256:0f86bada30d65ef9d0183b90c1e2682ac92d53d95da8bed322b984ea78a4a73a",
            "triggers": null
          },
          "sensitive_attributes": [],
          "private": "bnVsbA=="
        }
      ]
    },
    {
      "module": "module.localstack",
      "mode": "managed",
      "type": "docker_container",
      "name": "platform_localstack",
      "provider": "provider[\"registry.terraform.io/kreuzwerker/docker\"]",
      "instances": [
        {
          "schema_version": 2,
          "attributes": {
            "attach": false,
            "bridge": "",
            "capabilities": [],
            "cgroupns_mode": null,
            "command": [],
            "container_logs": null,
            "container_read_refresh_timeout_milliseconds": 15000,
            "cpu_set": "",
            "cpu_shares": 0,
            "destroy_grace_seconds": null,
            "devices": [],
            "dns": null,
            "dns_opts": null,
            "dns_search": null,
            "domainname": "",
            "entrypoint": [
              "docker-entrypoint.sh"
            ],
            "env": [
              "AZURE_CLIENT_ID=test",
              "AZURE_CLIENT_SECRET=test",
              "AZURE_SUBSCRIPTION_ID=00000000-0000-0000-0000-000000000000",
              "AZURE_TENANT_ID=00000000-0000-0000-0000-000000000000",
              "DEBUG=1",
              "LOCALSTACK_AUTH_TOKEN=ls-xUjE2770-heVa-QiQi-kOZe-bomeNuki9417"
            ],
            "exit_code": null,
            "gpus": null,
            "group_add": null,
            "healthcheck": null,
            "host": [],
            "hostname": "7c91cdac8334",
            "id": "7c91cdac8334798148d6ac68603d0c38110001c3c0346254480e7f5c96e3a062",
            "image": "sha256:ad0ebeaf4aac08024b229791b762ca735128456583cbc642733dd9225a2d4512",
            "init": false,
            "ipc_mode": "private",
            "labels": [
              {
                "label": "com.docker.compose.project",
                "value": "portfolio"
              },
              {
                "label": "com.docker.compose.service",
                "value": "platform_localstack"
              }
            ],
            "log_driver": "json-file",
            "log_opts": null,
            "logs": false,
            "max_retry_count": 0,
            "memory": 0,
            "memory_swap": 0,
            "mounts": [],
            "must_run": true,
            "name": "platform_localstack",
            "network_data": [
              {
                "gateway": "172.23.0.1",
                "global_ipv6_address": "",
                "global_ipv6_prefix_length": 0,
                "ip_address": "172.23.0.4",
                "ip_prefix_length": 16,
                "ipv6_gateway": "",
                "mac_address": "16:fc:68:1e:82:73",
                "network_name": "portfolio_network"
              }
            ],
            "network_mode": "bridge",
            "networks_advanced": [
              {
                "aliases": [],
                "ipv4_address": "",
                "ipv6_address": "",
                "name": "portfolio_network"
              }
            ],
            "pid_mode": "",
            "ports": [
              {
                "external": 4566,
                "internal": 4566,
                "ip": "0.0.0.0",
                "protocol": "tcp"
              }
            ],
            "privileged": false,
            "publish_all_ports": false,
            "read_only": false,
            "remove_volumes": true,
            "restart": "no",
            "rm": false,
            "runtime": "runc",
            "security_opts": [],
            "shm_size": 64,
            "start": true,
            "stdin_open": false,
            "stop_signal": "",
            "stop_timeout": 1,
            "storage_opts": null,
            "sysctls": null,
            "tmpfs": null,
            "tty": false,
            "ulimit": [],
            "upload": [],
            "user": "",
            "userns_mode": "",
            "volumes": [
              {
                "container_path": "/var/lib/localstack/",
                "from_container": "",
                "host_path": "",
                "read_only": null,
                "volume_name": "localstack_volume"
              }
            ],
            "wait": false,
            "wait_timeout": 60,
            "working_dir": "/opt/code/localstack/"
          },
          "sensitive_attributes": [
            [
              {
                "type": "get_attr",
                "value": "env"
              }
            ]
          ],
          "private": "eyJzY2hlbWFfdmVyc2lvbiI6IjIifQ==",
          "dependencies": [
            "module.localstack.docker_image.localstack_azure_image",
            "module.network.docker_network.platform_network",
            "module.volume.docker_volume.localstack_volume"
          ]
        }
      ]
    },
    {
      "module": "module.localstack",
      "mode": "managed",
      "type": "docker_image",
      "name": "localstack_azure_image",
      "provider": "provider[\"registry.terraform.io/kreuzwerker/docker\"]",
      "instances": [
        {
          "schema_version": 0,
          "attributes": {
            "build": [],
            "force_remove": null,
            "id": "sha256:ad0ebeaf4aac08024b229791b762ca735128456583cbc642733dd9225a2d4512localstack/localstack-azure-alpha",
            "image_id": "sha256:ad0ebeaf4aac08024b229791b762ca735128456583cbc642733dd9225a2d4512",
            "keep_locally": null,
            "name": "localstack/localstack-azure-alpha",
            "platform": null,
            "pull_triggers": null,
            "repo_digest": "localstack/localstack-azure-alpha@sha256:ad0ebeaf4aac08024b229791b762ca735128456583cbc642733dd9225a2d4512",
            "triggers": null
          },
          "sensitive_attributes": [],
          "private": "bnVsbA=="
        }
      ]
    },
    {
      "module": "module.loki",
      "mode": "managed",
      "type": "docker_container",
      "name": "platform_loki",
      "provider": "provider[\"registry.terraform.io/kreuzwerker/docker\"]",
      "instances": [
        {
          "schema_version": 2,
          "attributes": {
            "attach": false,
            "bridge": "",
            "capabilities": [],
            "cgroupns_mode": null,
            "command": [
              "-config.file=/etc/loki/local-config.yaml"
            ],
            "container_logs": null,
            "container_read_refresh_timeout_milliseconds": 15000,
            "cpu_set": "",
            "cpu_shares": 0,
            "destroy_grace_seconds": null,
            "devices": [],
            "dns": null,
            "dns_opts": null,
            "dns_search": null,
            "domainname": "",
            "entrypoint": [
              "/usr/bin/loki"
            ],
            "env": [],
            "exit_code": null,
            "gpus": null,
            "group_add": null,
            "healthcheck": [
              {
                "interval": "10s",
                "retries": 0,
                "start_period": "0s",
                "test": [
                  "CMD-SHELL",
                  "wget --no-verbose --tries=1 --spider http://localhost:3100/ready || exit 1"
                ],
                "timeout": "0s"
              }
            ],
            "host": [],
            "hostname": "9402baf47d17",
            "id": "9402baf47d178279b486cef4132a3357e21c721577c4b20880e4c31823b2005d",
            "image": "sha256:73e905b51a7f917f7a1075e4be68759df30226e03dcb3cd2213b989cc0dc8eb4",
            "init": false,
            "ipc_mode": "private",
            "labels": [
              {
                "label": "com.docker.compose.project",
                "value": "portfolio"
              },
              {
                "label": "com.docker.compose.service",
                "value": "platform_loki"
              }
            ],
            "log_driver": "json-file",
            "log_opts": null,
            "logs": false,
            "max_retry_count": 0,
            "memory": 0,
            "memory_swap": 0,
            "mounts": [],
            "must_run": true,
            "name": "platform_loki",
            "network_data": [
              {
                "gateway": "172.23.0.1",
                "global_ipv6_address": "",
                "global_ipv6_prefix_length": 0,
                "ip_address": "172.23.0.8",
                "ip_prefix_length": 16,
                "ipv6_gateway": "",
                "mac_address": "22:08:e8:a5:cc:86",
                "network_name": "portfolio_network"
              }
            ],
            "network_mode": "bridge",
            "networks_advanced": [
              {
                "aliases": [],
                "ipv4_address": "",
                "ipv6_address": "",
                "name": "portfolio_network"
              }
            ],
            "pid_mode": "",
            "ports": [
              {
                "external": 3100,
                "internal": 3100,
                "ip": "0.0.0.0",
                "protocol": "tcp"
              }
            ],
            "privileged": false,
            "publish_all_ports": false,
            "read_only": false,
            "remove_volumes": true,
            "restart": "unless-stopped",
            "rm": false,
            "runtime": "runc",
            "security_opts": [],
            "shm_size": 64,
            "start": true,
            "stdin_open": false,
            "stop_signal": "",
            "stop_timeout": 1,
            "storage_opts": null,
            "sysctls": null,
            "tmpfs": null,
            "tty": false,
            "ulimit": [],
            "upload": [],
            "user": "10001",
            "userns_mode": "",
            "volumes": [
              {
                "container_path": "/loki",
                "from_container": "",
                "host_path": "",
                "read_only": null,
                "volume_name": "platform_loki_data"
              }
            ],
            "wait": false,
            "wait_timeout": 60,
            "working_dir": "/"
          },
          "sensitive_attributes": [],
          "private": "eyJzY2hlbWFfdmVyc2lvbiI6IjIifQ==",
          "dependencies": [
            "module.loki.docker_image.platform_loki_image",
            "module.network.docker_network.platform_network",
            "module.volume.docker_volume.loki_volume"
          ]
        }
      ]
    },
    {
      "module": "module.loki",
      "mode": "managed",
      "type": "docker_image",
      "name": "platform_loki_image",
      "provider": "provider[\"registry.terraform.io/kreuzwerker/docker\"]",
      "instances": [
        {
          "schema_version": 0,
          "attributes": {
            "build": [],
            "force_remove": null,
            "id": "sha256:73e905b51a7f917f7a1075e4be68759df30226e03dcb3cd2213b989cc0dc8eb4grafana/loki:latest",
            "image_id": "sha256:73e905b51a7f917f7a1075e4be68759df30226e03dcb3cd2213b989cc0dc8eb4",
            "keep_locally": null,
            "name": "grafana/loki:latest",
            "platform": null,
            "pull_triggers": null,
            "repo_digest": "grafana/loki@sha256:73e905b51a7f917f7a1075e4be68759df30226e03dcb3cd2213b989cc0dc8eb4",
            "triggers": null
          },
          "sensitive_attributes": [],
          "private": "bnVsbA=="
        }
      ]
    },
    {
      "module": "module.network",
      "mode": "managed",
      "type": "docker_network",
      "name": "platform_network",
      "provider": "provider[\"registry.terraform.io/kreuzwerker/docker\"]",
      "instances": [
        {
          "schema_version": 1,
          "attributes": {
            "attachable": false,
            "check_duplicate": null,
            "driver": "bridge",
            "id": "1182abf6430e8da78538fa07b4fcba30091e73593b87d04310d8e25687e9b7bb",
            "ingress": false,
            "internal": false,
            "ipam_config": [
              {
                "aux_address": {},
                "gateway": "172.23.0.1",
                "ip_range": "",
                "subnet": "172.23.0.0/16"
              }
            ],
            "ipam_driver": "default",
            "ipam_options": {},
            "ipv6": false,
            "labels": [],
            "name": "portfolio_network",
            "options": {
              "com.docker.network.enable_ipv4": "true"
            },
            "scope": "local"
          },
          "sensitive_attributes": [],
          "private": "eyJzY2hlbWFfdmVyc2lvbiI6IjEifQ=="
        }
      ]
    },
    {
      "module": "module.prometheus",
      "mode": "managed",
      "type": "docker_container",
      "name": "platform_prometheus",
      "provider": "provider[\"registry.terraform.io/kreuzwerker/docker\"]",
      "instances": [
        {
          "schema_version": 2,
          "attributes": {
            "attach": false,
            "bridge": "",
            "capabilities": [],
            "cgroupns_mode": null,
            "command": [
              "--config.file=/etc/prometheus/prometheus.yml",
              "--storage.tsdb.path=/prometheus"
            ],
            "container_logs": null,
            "container_read_refresh_timeout_milliseconds": 15000,
            "cpu_set": "",
            "cpu_shares": 0,
            "destroy_grace_seconds": null,
            "devices": [],
            "dns": null,
            "dns_opts": null,
            "dns_search": null,
            "domainname": "",
            "entrypoint": [
              "/bin/prometheus"
            ],
            "env": [],
            "exit_code": null,
            "gpus": null,
            "group_add": null,
            "healthcheck": null,
            "host": [],
            "hostname": "a71be76a35cd",
            "id": "a71be76a35cdb8cc5aee81b69f5f18042f701715e254374c2a34e55a79fff300",
            "image": "sha256:e4254400b85610324913f0dc4acf92603d9984e7519414c5a12811aa6146acc3",
            "init": false,
            "ipc_mode": "private",
            "labels": [
              {
                "label": "com.docker.compose.project",
                "value": "portfolio"
              },
              {
                "label": "com.docker.compose.service",
                "value": "platform-prometheus"
              }
            ],
            "log_driver": "json-file",
            "log_opts": null,
            "logs": false,
            "max_retry_count": 0,
            "memory": 0,
            "memory_swap": 0,
            "mounts": [],
            "must_run": true,
            "name": "platform-prometheus",
            "network_data": [
              {
                "gateway": "172.23.0.1",
                "global_ipv6_address": "",
                "global_ipv6_prefix_length": 0,
                "ip_address": "172.23.0.10",
                "ip_prefix_length": 16,
                "ipv6_gateway": "",
                "mac_address": "32:f2:2f:67:6d:63",
                "network_name": "portfolio_network"
              }
            ],
            "network_mode": "bridge",
            "networks_advanced": [
              {
                "aliases": [],
                "ipv4_address": "",
                "ipv6_address": "",
                "name": "portfolio_network"
              }
            ],
            "pid_mode": "",
            "ports": [
              {
                "external": 9090,
                "internal": 9090,
                "ip": "0.0.0.0",
                "protocol": "tcp"
              }
            ],
            "privileged": false,
            "publish_all_ports": false,
            "read_only": false,
            "remove_volumes": true,
            "restart": "unless-stopped",
            "rm": false,
            "runtime": "runc",
            "security_opts": [],
            "shm_size": 64,
            "start": true,
            "stdin_open": false,
            "stop_signal": "",
            "stop_timeout": 1,
            "storage_opts": null,
            "sysctls": null,
            "tmpfs": null,
            "tty": false,
            "ulimit": [],
            "upload": [],
            "user": "nobody",
            "userns_mode": "",
            "volumes": [
              {
                "container_path": "/etc/prometheus/prometheus.yml",
                "from_container": "",
                "host_path": "/mnt/r/Devel/personal/portfolio/infra/terraform/modules/prometheus/prometheus.yml",
                "read_only": null,
                "volume_name": ""
              }
            ],
            "wait": false,
            "wait_timeout": 60,
            "working_dir": "/prometheus"
          },
          "sensitive_attributes": [],
          "private": "eyJzY2hlbWFfdmVyc2lvbiI6IjIifQ==",
          "dependencies": [
            "module.network.docker_network.platform_network",
            "module.prometheus.docker_image.prometheus_image"
          ]
        }
      ]
    },
    {
      "module": "module.prometheus",
      "mode": "managed",
      "type": "docker_image",
      "name": "prometheus_image",
      "provider": "provider[\"registry.terraform.io/kreuzwerker/docker\"]",
      "instances": [
        {
          "schema_version": 0,
          "attributes": {
            "build": [],
            "force_remove": null,
            "id": "sha256:e4254400b85610324913f0dc4acf92603d9984e7519414c5a12811aa6146acc3prom/prometheus:latest",
            "image_id": "sha256:e4254400b85610324913f0dc4acf92603d9984e7519414c5a12811aa6146acc3",
            "keep_locally": null,
            "name": "prom/prometheus:latest",
            "platform": null,
            "pull_triggers": null,
            "repo_digest": "prom/prometheus@sha256:e4254400b85610324913f0dc4acf92603d9984e7519414c5a12811aa6146acc3",
            "triggers": null
          },
          "sensitive_attributes": [],
          "private": "bnVsbA=="
        }
      ]
    },
    {
      "module": "module.temporal",
      "mode": "managed",
      "type": "docker_container",
      "name": "platform_temporal",
      "provider": "provider[\"registry.terraform.io/kreuzwerker/docker\"]",
      "instances": [
        {
          "schema_version": 2,
          "attributes": {
            "attach": false,
            "bridge": "",
            "capabilities": [],
            "cgroupns_mode": null,
            "command": [
              "autosetup"
            ],
            "container_logs": null,
            "container_read_refresh_timeout_milliseconds": 15000,
            "cpu_set": "",
            "cpu_shares": 0,
            "destroy_grace_seconds": null,
            "devices": [],
            "dns": null,
            "dns_opts": null,
            "dns_search": null,
            "domainname": "",
            "entrypoint": [
              "/etc/temporal/entrypoint.sh"
            ],
            "env": [
              "DB=postgres12",
              "DB_HOST=postgres_temporal",
              "DB_PORT=5433",
              "POSTGRES_SEEDS=temporal_postgres"
            ],
            "exit_code": null,
            "gpus": null,
            "group_add": null,
            "healthcheck": [
              {
                "interval": "10s",
                "retries": 5,
                "start_period": "0s",
                "test": [
                  "CMD-SHELL",
                  "tctl --address 127.0.0.1:7233 cluster health || exit 1"
                ],
                "timeout": "5s"
              }
            ],
            "host": [],
            "hostname": "c12ec625ff26",
            "id": "c12ec625ff26c140a6791126827e44dcb373868f3d884d8c648c88f9380b58ee",
            "image": "sha256:8940bfb5aed467458d50c365e420038bc334a44af77e8f4b5e2bfcd608ac7951",
            "init": false,
            "ipc_mode": "private",
            "labels": [
              {
                "label": "com.docker.compose.project",
                "value": "portfolio"
              },
              {
                "label": "com.docker.compose.service",
                "value": "platform_temporal"
              }
            ],
            "log_driver": "json-file",
            "log_opts": null,
            "logs": false,
            "max_retry_count": 0,
            "memory": 0,
            "memory_swap": 0,
            "mounts": [],
            "must_run": true,
            "name": "platform_temporal",
            "network_data": [
              {
                "gateway": "172.23.0.1",
                "global_ipv6_address": "",
                "global_ipv6_prefix_length": 0,
                "ip_address": "172.23.0.7",
                "ip_prefix_length": 16,
                "ipv6_gateway": "",
                "mac_address": "ee:31:63:bc:1f:c2",
                "network_name": "portfolio_network"
              }
            ],
            "network_mode": "bridge",
            "networks_advanced": [
              {
                "aliases": [],
                "ipv4_address": "",
                "ipv6_address": "",
                "name": "portfolio_network"
              }
            ],
            "pid_mode": "",
            "ports": [
              {
                "external": 7233,
                "internal": 7233,
                "ip": "0.0.0.0",
                "protocol": "tcp"
              }
            ],
            "privileged": false,
            "publish_all_ports": false,
            "read_only": false,
            "remove_volumes": true,
            "restart": "no",
            "rm": false,
            "runtime": "runc",
            "security_opts": [],
            "shm_size": 64,
            "start": true,
            "stdin_open": false,
            "stop_signal": "",
            "stop_timeout": 1,
            "storage_opts": null,
            "sysctls": null,
            "tmpfs": null,
            "tty": false,
            "ulimit": [],
            "upload": [],
            "user": "temporal",
            "userns_mode": "",
            "volumes": [],
            "wait": false,
            "wait_timeout": 60,
            "working_dir": "/etc/temporal"
          },
          "sensitive_attributes": [],
          "private": "eyJzY2hlbWFfdmVyc2lvbiI6IjIifQ==",
          "dependencies": [
            "module.database.docker_container.temporal_postgres",
            "module.database.docker_image.postgres",
            "module.network.docker_network.platform_network",
            "module.temporal.docker_image.temporal_image",
            "module.volume.docker_volume.temporal_postgres_volume"
          ]
        }
      ]
    },
    {
      "module": "module.temporal",
      "mode": "managed",
      "type": "docker_container",
      "name": "platform_temporal_ui",
      "provider": "provider[\"registry.terraform.io/kreuzwerker/docker\"]",
      "instances": [
        {
          "schema_version": 2,
          "attributes": {
            "attach": false,
            "bridge": "",
            "capabilities": [],
            "cgroupns_mode": null,
            "command": [],
            "container_logs": null,
            "container_read_refresh_timeout_milliseconds": 15000,
            "cpu_set": "",
            "cpu_shares": 0,
            "destroy_grace_seconds": null,
            "devices": [],
            "dns": null,
            "dns_opts": null,
            "dns_search": null,
            "domainname": "",
            "entrypoint": [
              "./start-ui-server.sh"
            ],
            "env": [
              "TEMPORAL_ADDRESS=platform_temporal:7233"
            ],
            "exit_code": null,
            "gpus": null,
            "group_add": null,
            "healthcheck": null,
            "host": [],
            "hostname": "e83fb0f64c9d",
            "id": "e83fb0f64c9de9d4136084768722454265ba8846aa6c7018b9ae36c0414f8521",
            "image": "sha256:87607eb9410318c812974dac55f274a506b47cde7542b08b000b5bcdeb35d640",
            "init": false,
            "ipc_mode": "private",
            "labels": [
              {
                "label": "com.docker.compose.project",
                "value": "portfolio"
              },
              {
                "label": "com.docker.compose.service",
                "value": "temporal_ui"
              }
            ],
            "log_driver": "json-file",
            "log_opts": null,
            "logs": false,
            "max_retry_count": 0,
            "memory": 0,
            "memory_swap": 0,
            "mounts": [],
            "must_run": true,
            "name": "platform_temporal_ui",
            "network_data": [
              {
                "gateway": "172.23.0.1",
                "global_ipv6_address": "",
                "global_ipv6_prefix_length": 0,
                "ip_address": "172.23.0.6",
                "ip_prefix_length": 16,
                "ipv6_gateway": "",
                "mac_address": "86:70:68:62:77:c2",
                "network_name": "portfolio_network"
              }
            ],
            "network_mode": "bridge",
            "networks_advanced": [
              {
                "aliases": [],
                "ipv4_address": "",
                "ipv6_address": "",
                "name": "portfolio_network"
              }
            ],
            "pid_mode": "",
            "ports": [
              {
                "external": 8080,
                "internal": 8080,
                "ip": "0.0.0.0",
                "protocol": "tcp"
              }
            ],
            "privileged": false,
            "publish_all_ports": false,
            "read_only": false,
            "remove_volumes": true,
            "restart": "no",
            "rm": false,
            "runtime": "runc",
            "security_opts": [],
            "shm_size": 64,
            "start": true,
            "stdin_open": false,
            "stop_signal": "",
            "stop_timeout": 1,
            "storage_opts": null,
            "sysctls": null,
            "tmpfs": null,
            "tty": false,
            "ulimit": [],
            "upload": [],
            "user": "",
            "userns_mode": "",
            "volumes": [],
            "wait": false,
            "wait_timeout": 60,
            "working_dir": "/home/ui-server"
          },
          "sensitive_attributes": [],
          "private": "eyJzY2hlbWFfdmVyc2lvbiI6IjIifQ==",
          "dependencies": [
            "module.database.docker_container.temporal_postgres",
            "module.database.docker_image.postgres",
            "module.network.docker_network.platform_network",
            "module.temporal.docker_image.temporal_ui_image",
            "module.volume.docker_volume.temporal_postgres_volume"
          ]
        }
      ]
    },
    {
      "module": "module.temporal",
      "mode": "managed",
      "type": "docker_image",
      "name": "temporal_image",
      "provider": "provider[\"registry.terraform.io/kreuzwerker/docker\"]",
      "instances": [
        {
          "schema_version": 0,
          "attributes": {
            "build": [],
            "force_remove": null,
            "id": "sha256:8940bfb5aed467458d50c365e420038bc334a44af77e8f4b5e2bfcd608ac7951temporalio/auto-setup:latest",
            "image_id": "sha256:8940bfb5aed467458d50c365e420038bc334a44af77e8f4b5e2bfcd608ac7951",
            "keep_locally": null,
            "name": "temporalio/auto-setup:latest",
            "platform": null,
            "pull_triggers": null,
            "repo_digest": "temporalio/auto-setup@sha256:8940bfb5aed467458d50c365e420038bc334a44af77e8f4b5e2bfcd608ac7951",
            "triggers": null
          },
          "sensitive_attributes": [],
          "private": "bnVsbA==",
          "dependencies": [
            "module.database.docker_container.temporal_postgres",
            "module.database.docker_image.postgres",
            "module.network.docker_network.platform_network",
            "module.volume.docker_volume.temporal_postgres_volume"
          ]
        }
      ]
    },
    {
      "module": "module.temporal",
      "mode": "managed",
      "type": "docker_image",
      "name": "temporal_ui_image",
      "provider": "provider[\"registry.terraform.io/kreuzwerker/docker\"]",
      "instances": [
        {
          "schema_version": 0,
          "attributes": {
            "build": [],
            "force_remove": null,
            "id": "sha256:87607eb9410318c812974dac55f274a506b47cde7542b08b000b5bcdeb35d640temporalio/ui:latest",
            "image_id": "sha256:87607eb9410318c812974dac55f274a506b47cde7542b08b000b5bcdeb35d640",
            "keep_locally": null,
            "name": "temporalio/ui:latest",
            "platform": null,
            "pull_triggers": null,
            "repo_digest": "temporalio/ui@sha256:87607eb9410318c812974dac55f274a506b47cde7542b08b000b5bcdeb35d640",
            "triggers": null
          },
          "sensitive_attributes": [],
          "private": "bnVsbA==",
          "dependencies": [
            "module.database.docker_container.temporal_postgres",
            "module.database.docker_image.postgres",
            "module.network.docker_network.platform_network",
            "module.volume.docker_volume.temporal_postgres_volume"
          ]
        }
      ]
    },
    {
      "module": "module.volume",
      "mode": "managed",
      "type": "docker_volume",
      "name": "grafana_volume",
      "provider": "provider[\"registry.terraform.io/kreuzwerker/docker\"]",
      "instances": [
        {
          "schema_version": 1,
          "attributes": {
            "driver": "local",
            "driver_opts": null,
            "id": "platform_grafana_data",
            "labels": [],
            "mountpoint": "/var/lib/docker/volumes/platform_grafana_data/_data",
            "name": "platform_grafana_data"
          },
          "sensitive_attributes": [],
          "private": "eyJzY2hlbWFfdmVyc2lvbiI6IjEifQ=="
        }
      ]
    },
    {
      "module": "module.volume",
      "mode": "managed",
      "type": "docker_volume",
      "name": "localstack_volume",
      "provider": "provider[\"registry.terraform.io/kreuzwerker/docker\"]",
      "instances": [
        {
          "schema_version": 1,
          "attributes": {
            "driver": "local",
            "driver_opts": null,
            "id": "localstack_volume",
            "labels": [],
            "mountpoint": "/var/lib/docker/volumes/localstack_volume/_data",
            "name": "localstack_volume"
          },
          "sensitive_attributes": [],
          "private": "eyJzY2hlbWFfdmVyc2lvbiI6IjEifQ=="
        }
      ]
    },
    {
      "module": "module.volume",
      "mode": "managed",
      "type": "docker_volume",
      "name": "loki_volume",
      "provider": "provider[\"registry.terraform.io/kreuzwerker/docker\"]",
      "instances": [
        {
          "schema_version": 1,
          "attributes": {
            "driver": "local",
            "driver_opts": null,
            "id": "platform_loki_data",
            "labels": [],
            "mountpoint": "/var/lib/docker/volumes/platform_loki_data/_data",
            "name": "platform_loki_data"
          },
          "sensitive_attributes": [],
          "private": "eyJzY2hlbWFfdmVyc2lvbiI6IjEifQ=="
        }
      ]
    },
    {
      "module": "module.volume",
      "mode": "managed",
      "type": "docker_volume",
      "name": "platform_postgres_volume",
      "provider": "provider[\"registry.terraform.io/kreuzwerker/docker\"]",
      "instances": [
        {
          "schema_version": 1,
          "attributes": {
            "driver": "local",
            "driver_opts": null,
            "id": "platform_postgres_volume",
            "labels": [],
            "mountpoint": "/var/lib/docker/volumes/platform_postgres_volume/_data",
            "name": "platform_postgres_volume"
          },
          "sensitive_attributes": [],
          "private": "eyJzY2hlbWFfdmVyc2lvbiI6IjEifQ=="
        }
      ]
    },
    {
      "module": "module.volume",
      "mode": "managed",
      "type": "docker_volume",
      "name": "temporal_postgres_volume",
      "provider": "provider[\"registry.terraform.io/kreuzwerker/docker\"]",
      "instances": [
        {
          "schema_version": 1,
          "attributes": {
            "driver": "local",
            "driver_opts": {},
            "id": "temporal_postgres_volume",
            "labels": [],
            "mountpoint": "/var/lib/docker/volumes/temporal_postgres_volume/_data",
            "name": "temporal_postgres_volume"
          },
          "sensitive_attributes": [],
          "private": "eyJzY2hlbWFfdmVyc2lvbiI6IjEifQ=="
        }
      ]
    }
  ],
  "check_results": null
}
